
Microsoft Visual Studio Solution File, Format Version 12.00
# Visual Studio Version 16
VisualStudioVersion = 16.0.31515.178
MinimumVisualStudioVersion = 10.0.40219.1
Project("{9A19103F-16F7-4668-BE54-9A1E7A4F7556}") = "project week 2", "project week 2\project week 2.csproj", "{8F3FDD6A-6752-4DD2-B9F2-93D57948714D}"
EndProject
Global
	GlobalSection(SolutionConfigurationPlatforms) = preSolution
		Debug|Any CPU = Debug|Any CPU
		Release|Any CPU = Release|Any CPU
	EndGlobalSection
	GlobalSection(ProjectConfigurationPlatforms) = postSolution
		{8F3FDD6A-6752-4DD2-B9F2-93D57948714D}.Debug|Any CPU.ActiveCfg = Debug|Any CPU
		{8F3FDD6A-6752-4DD2-B9F2-93D57948714D}.Debug|Any CPU.Build.0 = Debug|Any CPU
		{8F3FDD6A-6752-4DD2-B9F2-93D57948714D}.Release|Any CPU.ActiveCfg = Release|Any CPU
		{8F3FDD6A-6752-4DD2-B9F2-93D57948714D}.Release|Any CPU.Build.0 = Release|Any CPU
	EndGlobalSection
	GlobalSection(SolutionProperties) = preSolution
		HideSolutionNode = FALSE
	EndGlobalSection
	GlobalSection(ExtensibilityGlobals) = postSolution
		SolutionGuid = {EC498664-40D2-47C1-9B7C-AF511028070C}
	EndGlobalSection
EndGlobal
